
Microsoft Visual Studio Solution File, Format Version 12.00
# Visual Studio Version 17
VisualStudioVersion = 17.6.33723.286
MinimumVisualStudioVersion = 10.0.40219.1
Project("{FAE04EC0-301F-11D3-BF4B-00C04F79EFBC}") = "KMeans", "KMeans.csproj\KMeans.csproj", "{649FD648-A20B-410A-88C3-5509A61D3559}"
EndProject
Global
	GlobalSection(SolutionConfigurationPlatforms) = preSolution
		Debug|Any CPU = Debug|Any CPU
		Release|Any CPU = Release|Any CPU
	EndGlobalSection
	GlobalSection(ProjectConfigurationPlatforms) = postSolution
		{649FD648-A20B-410A-88C3-5509A61D3559}.Debug|Any CPU.ActiveCfg = Debug|Any CPU
		{649FD648-A20B-410A-88C3-5509A61D3559}.Debug|Any CPU.Build.0 = Debug|Any CPU
		{649FD648-A20B-410A-88C3-5509A61D3559}.Release|Any CPU.ActiveCfg = Release|Any CPU
		{649FD648-A20B-410A-88C3-5509A61D3559}.Release|Any CPU.Build.0 = Release|Any CPU
	EndGlobalSection
	GlobalSection(SolutionProperties) = preSolution
		HideSolutionNode = FALSE
	EndGlobalSection
	GlobalSection(ExtensibilityGlobals) = postSolution
		SolutionGuid = {FF5446B9-111D-46FE-A781-3619B4448D32}
	EndGlobalSection
EndGlobal
